{
  "name": "leaflet.layergroup.collision-tooltip",
  "version": "0.0.2",
  "lockfileVersion": 1,
  "requires": true,
  "dependencies": {
    "leaflet": {
      "version": "1.2.0",
      "resolved": "https://registry.npmjs.org/leaflet/-/leaflet-1.2.0.tgz",
      "integrity": "sha512-Bold8phAE6WcRsuwhofrQ7cOK1REFHaYIkKuj7+TBYK3ONKRpGGIb5oXR5akYotFnrWN0TWKh6Svlhflm3dogg=="
    },
    "rbush": {
      "version": "1.4.3",
      "resolved": "https://registry.npmjs.org/rbush/-/rbush-1.4.3.tgz",
      "integrity": "sha1-eHTi04kR0nGeoncx0yRF2l7EOUw="
    }
  }
}
